<Solution>
  <Project Path="Core/Core.csproj" />
  <Project Path="Daggerheart-Helper.Shared/Daggerheart-Helper.Shared.csproj" />
  <Project Path="Daggerheart-Helper.Web/Daggerheart-Helper.Web.csproj" />
  <Project Path="Infrastructure/Infrastructure.csproj" />
  <Project Path="Daggerheart-Helper/Daggerheart-Helper.csproj" />
</Solution>
